
Microsoft Visual Studio Solution File, Format Version 12.00
# Visual Studio Version 17
VisualStudioVersion = 17.0.31903.59
MinimumVisualStudioVersion = 10.0.40219.1
Project("{FAE04EC0-301F-11D3-BF4B-00C04F79EFBC}") = "SilvermineNordic.Repository", "SilvermineNordic.Repository\SilvermineNordic.Repository.csproj", "{36F327BB-FF40-41F8-9E65-E7846B7CEA3B}"
EndProject
Project("{FAE04EC0-301F-11D3-BF4B-00C04F79EFBC}") = "SilvermineNordic.Admin.Mvc", "SilvermineNordic.Admin.Mvc\SilvermineNordic.Admin.Mvc.csproj", "{536BBDB1-C578-471F-A8B6-C82FB1B9B7B9}"
EndProject
Project("{FAE04EC0-301F-11D3-BF4B-00C04F79EFBC}") = "SilvermineNordic.Models", "SilvermineNordic.Models\SilvermineNordic.Models.csproj", "{5D7CCA0B-AA18-46D8-88BA-DD1ED7BB67F2}"
EndProject
Project("{FAE04EC0-301F-11D3-BF4B-00C04F79EFBC}") = "SilvermineNordic.Common", "SilvermineNordic.Common\SilvermineNordic.Common.csproj", "{AC489CB9-A8B9-449B-9C01-AB95558EA735}"
EndProject
Global
	GlobalSection(SolutionConfigurationPlatforms) = preSolution
		Debug|Any CPU = Debug|Any CPU
		Release|Any CPU = Release|Any CPU
	EndGlobalSection
	GlobalSection(SolutionProperties) = preSolution
		HideSolutionNode = FALSE
	EndGlobalSection
	GlobalSection(ProjectConfigurationPlatforms) = postSolution
		{36F327BB-FF40-41F8-9E65-E7846B7CEA3B}.Debug|Any CPU.ActiveCfg = Debug|Any CPU
		{36F327BB-FF40-41F8-9E65-E7846B7CEA3B}.Debug|Any CPU.Build.0 = Debug|Any CPU
		{36F327BB-FF40-41F8-9E65-E7846B7CEA3B}.Release|Any CPU.ActiveCfg = Release|Any CPU
		{36F327BB-FF40-41F8-9E65-E7846B7CEA3B}.Release|Any CPU.Build.0 = Release|Any CPU
		{536BBDB1-C578-471F-A8B6-C82FB1B9B7B9}.Debug|Any CPU.ActiveCfg = Debug|Any CPU
		{536BBDB1-C578-471F-A8B6-C82FB1B9B7B9}.Debug|Any CPU.Build.0 = Debug|Any CPU
		{536BBDB1-C578-471F-A8B6-C82FB1B9B7B9}.Release|Any CPU.ActiveCfg = Release|Any CPU
		{536BBDB1-C578-471F-A8B6-C82FB1B9B7B9}.Release|Any CPU.Build.0 = Release|Any CPU
		{5D7CCA0B-AA18-46D8-88BA-DD1ED7BB67F2}.Debug|Any CPU.ActiveCfg = Debug|Any CPU
		{5D7CCA0B-AA18-46D8-88BA-DD1ED7BB67F2}.Debug|Any CPU.Build.0 = Debug|Any CPU
		{5D7CCA0B-AA18-46D8-88BA-DD1ED7BB67F2}.Release|Any CPU.ActiveCfg = Release|Any CPU
		{5D7CCA0B-AA18-46D8-88BA-DD1ED7BB67F2}.Release|Any CPU.Build.0 = Release|Any CPU
		{AC489CB9-A8B9-449B-9C01-AB95558EA735}.Debug|Any CPU.ActiveCfg = Debug|Any CPU
		{AC489CB9-A8B9-449B-9C01-AB95558EA735}.Debug|Any CPU.Build.0 = Debug|Any CPU
		{AC489CB9-A8B9-449B-9C01-AB95558EA735}.Release|Any CPU.ActiveCfg = Release|Any CPU
		{AC489CB9-A8B9-449B-9C01-AB95558EA735}.Release|Any CPU.Build.0 = Release|Any CPU
	EndGlobalSection
EndGlobal
