
Microsoft Visual Studio Solution File, Format Version 12.00
# Visual Studio Version 17
VisualStudioVersion = 17.2.32616.157
MinimumVisualStudioVersion = 10.0.40219.1
Project("{9A19103F-16F7-4668-BE54-9A1E7A4F7556}") = "ApiServer.Mvc", "ApiServer.Mvc\ApiServer.Mvc.csproj", "{656F7B59-5D1D-4A1A-99EF-329AB737AFFF}"
EndProject
Project("{9A19103F-16F7-4668-BE54-9A1E7A4F7556}") = "ApiServer.EntityFrameworkCore", "ApiServer.EntityFrameworkCore\ApiServer.EntityFrameworkCore.csproj", "{F02AD454-56C5-4B60-8D19-EEECF6900700}"
EndProject
Project("{9A19103F-16F7-4668-BE54-9A1E7A4F7556}") = "ApiServer.Repository", "ApiServer.Repository\ApiServer.Repository.csproj", "{6BC34EE1-C99C-4ADC-B4AD-5589A9D5E379}"
EndProject
Project("{9A19103F-16F7-4668-BE54-9A1E7A4F7556}") = "ApiServer.Model", "ApiServer.Model\ApiServer.Model.csproj", "{126B1BAA-7E1F-4803-9835-98A62C7B7151}"
EndProject
Project("{9A19103F-16F7-4668-BE54-9A1E7A4F7556}") = "ApiServer.NUnit", "ApiServer.NUnit\ApiServer.NUnit.csproj", "{89EBC01A-27C2-44C1-9420-8ACCFED620EB}"
EndProject
Project("{9A19103F-16F7-4668-BE54-9A1E7A4F7556}") = "ApiServer.WebApi", "ApiServer.WebApi\ApiServer.WebApi.csproj", "{687CA36E-B8AC-4D3D-B24A-ED7FC465DA38}"
EndProject
Project("{FAE04EC0-301F-11D3-BF4B-00C04F79EFBC}") = "ApiServer.Blazorwasm", "ApiServer.Blazorwasm\ApiServer.Blazorwasm.csproj", "{C919A470-E1A0-4D75-BEEF-2EE0B3023474}"
EndProject
Global
	GlobalSection(SolutionConfigurationPlatforms) = preSolution
		Debug|Any CPU = Debug|Any CPU
		Release|Any CPU = Release|Any CPU
	EndGlobalSection
	GlobalSection(ProjectConfigurationPlatforms) = postSolution
		{656F7B59-5D1D-4A1A-99EF-329AB737AFFF}.Debug|Any CPU.ActiveCfg = Debug|Any CPU
		{656F7B59-5D1D-4A1A-99EF-329AB737AFFF}.Debug|Any CPU.Build.0 = Debug|Any CPU
		{656F7B59-5D1D-4A1A-99EF-329AB737AFFF}.Release|Any CPU.ActiveCfg = Release|Any CPU
		{656F7B59-5D1D-4A1A-99EF-329AB737AFFF}.Release|Any CPU.Build.0 = Release|Any CPU
		{F02AD454-56C5-4B60-8D19-EEECF6900700}.Debug|Any CPU.ActiveCfg = Debug|Any CPU
		{F02AD454-56C5-4B60-8D19-EEECF6900700}.Debug|Any CPU.Build.0 = Debug|Any CPU
		{F02AD454-56C5-4B60-8D19-EEECF6900700}.Release|Any CPU.ActiveCfg = Release|Any CPU
		{F02AD454-56C5-4B60-8D19-EEECF6900700}.Release|Any CPU.Build.0 = Release|Any CPU
		{6BC34EE1-C99C-4ADC-B4AD-5589A9D5E379}.Debug|Any CPU.ActiveCfg = Debug|Any CPU
		{6BC34EE1-C99C-4ADC-B4AD-5589A9D5E379}.Debug|Any CPU.Build.0 = Debug|Any CPU
		{6BC34EE1-C99C-4ADC-B4AD-5589A9D5E379}.Release|Any CPU.ActiveCfg = Release|Any CPU
		{6BC34EE1-C99C-4ADC-B4AD-5589A9D5E379}.Release|Any CPU.Build.0 = Release|Any CPU
		{126B1BAA-7E1F-4803-9835-98A62C7B7151}.Debug|Any CPU.ActiveCfg = Debug|Any CPU
		{126B1BAA-7E1F-4803-9835-98A62C7B7151}.Debug|Any CPU.Build.0 = Debug|Any CPU
		{126B1BAA-7E1F-4803-9835-98A62C7B7151}.Release|Any CPU.ActiveCfg = Release|Any CPU
		{126B1BAA-7E1F-4803-9835-98A62C7B7151}.Release|Any CPU.Build.0 = Release|Any CPU
		{89EBC01A-27C2-44C1-9420-8ACCFED620EB}.Debug|Any CPU.ActiveCfg = Debug|Any CPU
		{89EBC01A-27C2-44C1-9420-8ACCFED620EB}.Debug|Any CPU.Build.0 = Debug|Any CPU
		{89EBC01A-27C2-44C1-9420-8ACCFED620EB}.Release|Any CPU.ActiveCfg = Release|Any CPU
		{89EBC01A-27C2-44C1-9420-8ACCFED620EB}.Release|Any CPU.Build.0 = Release|Any CPU
		{687CA36E-B8AC-4D3D-B24A-ED7FC465DA38}.Debug|Any CPU.ActiveCfg = Debug|Any CPU
		{687CA36E-B8AC-4D3D-B24A-ED7FC465DA38}.Debug|Any CPU.Build.0 = Debug|Any CPU
		{687CA36E-B8AC-4D3D-B24A-ED7FC465DA38}.Release|Any CPU.ActiveCfg = Release|Any CPU
		{687CA36E-B8AC-4D3D-B24A-ED7FC465DA38}.Release|Any CPU.Build.0 = Release|Any CPU
		{C919A470-E1A0-4D75-BEEF-2EE0B3023474}.Debug|Any CPU.ActiveCfg = Debug|Any CPU
		{C919A470-E1A0-4D75-BEEF-2EE0B3023474}.Debug|Any CPU.Build.0 = Debug|Any CPU
		{C919A470-E1A0-4D75-BEEF-2EE0B3023474}.Release|Any CPU.ActiveCfg = Release|Any CPU
		{C919A470-E1A0-4D75-BEEF-2EE0B3023474}.Release|Any CPU.Build.0 = Release|Any CPU
	EndGlobalSection
	GlobalSection(SolutionProperties) = preSolution
		HideSolutionNode = FALSE
	EndGlobalSection
	GlobalSection(ExtensibilityGlobals) = postSolution
		SolutionGuid = {E6179BC0-29F2-42BF-AC32-84EFB4BFB5F1}
	EndGlobalSection
EndGlobal
